
Microsoft Visual Studio Solution File, Format Version 12.00
# Visual Studio Version 16
VisualStudioVersion = 16.0.33130.400
MinimumVisualStudioVersion = 10.0.40219.1
Project("{FAE04EC0-301F-11D3-BF4B-00C04F79EFBC}") = "HouseApp", "HouseApp\HouseApp.csproj", "{09E2642F-265B-4909-80E3-B882D96CE90E}"
EndProject
Project("{FAE04EC0-301F-11D3-BF4B-00C04F79EFBC}") = "TemperaturHumiditySensorCoontroller", "TemperaturHumiditySensorCoontroller\TemperaturHumiditySensorCoontroller.csproj", "{BB05C91B-B118-4B34-A41C-86D63D8FD2FE}"
EndProject
Project("{FAE04EC0-301F-11D3-BF4B-00C04F79EFBC}") = "RemoteInerfaces", "RemoteInerfaces\RemoteInerfaces.csproj", "{38EC2BDD-6075-4DCC-B5B6-B7947BC471E9}"
EndProject
Project("{FAE04EC0-301F-11D3-BF4B-00C04F79EFBC}") = "DoorApp", "DoorApp\DoorApp.csproj", "{6C8B7429-58F5-4D3D-9180-D1B7CF17A245}"
EndProject
Project("{FAE04EC0-301F-11D3-BF4B-00C04F79EFBC}") = "Server", "Server\Server.csproj", "{40D3D312-ECC7-444C-BB10-99ECF76965AD}"
EndProject
Project("{FAE04EC0-301F-11D3-BF4B-00C04F79EFBC}") = "RoomManagement", "RoomManagement\RoomManagement.csproj", "{977B0C72-BE1A-4929-B047-512D63738F3E}"
EndProject
Project("{FAE04EC0-301F-11D3-BF4B-00C04F79EFBC}") = "SignIn_Login", "SignIn_Login\SignIn_Login.csproj", "{4C91BDD8-EC28-408E-B221-8B395E83208F}"
EndProject
Project("{FAE04EC0-301F-11D3-BF4B-00C04F79EFBC}") = "ResidentApp", "ResidentApp\ResidentApp.csproj", "{28D0F68C-70A0-4DAD-82EA-ABBB59370489}"
EndProject
Global
	GlobalSection(SolutionConfigurationPlatforms) = preSolution
		Debug|Any CPU = Debug|Any CPU
		Release|Any CPU = Release|Any CPU
	EndGlobalSection
	GlobalSection(ProjectConfigurationPlatforms) = postSolution
		{09E2642F-265B-4909-80E3-B882D96CE90E}.Debug|Any CPU.ActiveCfg = Debug|Any CPU
		{09E2642F-265B-4909-80E3-B882D96CE90E}.Debug|Any CPU.Build.0 = Debug|Any CPU
		{09E2642F-265B-4909-80E3-B882D96CE90E}.Release|Any CPU.ActiveCfg = Release|Any CPU
		{09E2642F-265B-4909-80E3-B882D96CE90E}.Release|Any CPU.Build.0 = Release|Any CPU
		{BB05C91B-B118-4B34-A41C-86D63D8FD2FE}.Debug|Any CPU.ActiveCfg = Debug|Any CPU
		{BB05C91B-B118-4B34-A41C-86D63D8FD2FE}.Debug|Any CPU.Build.0 = Debug|Any CPU
		{BB05C91B-B118-4B34-A41C-86D63D8FD2FE}.Release|Any CPU.ActiveCfg = Release|Any CPU
		{BB05C91B-B118-4B34-A41C-86D63D8FD2FE}.Release|Any CPU.Build.0 = Release|Any CPU
		{38EC2BDD-6075-4DCC-B5B6-B7947BC471E9}.Debug|Any CPU.ActiveCfg = Debug|Any CPU
		{38EC2BDD-6075-4DCC-B5B6-B7947BC471E9}.Debug|Any CPU.Build.0 = Debug|Any CPU
		{38EC2BDD-6075-4DCC-B5B6-B7947BC471E9}.Release|Any CPU.ActiveCfg = Release|Any CPU
		{38EC2BDD-6075-4DCC-B5B6-B7947BC471E9}.Release|Any CPU.Build.0 = Release|Any CPU
		{6C8B7429-58F5-4D3D-9180-D1B7CF17A245}.Debug|Any CPU.ActiveCfg = Debug|Any CPU
		{6C8B7429-58F5-4D3D-9180-D1B7CF17A245}.Debug|Any CPU.Build.0 = Debug|Any CPU
		{6C8B7429-58F5-4D3D-9180-D1B7CF17A245}.Release|Any CPU.ActiveCfg = Release|Any CPU
		{6C8B7429-58F5-4D3D-9180-D1B7CF17A245}.Release|Any CPU.Build.0 = Release|Any CPU
		{40D3D312-ECC7-444C-BB10-99ECF76965AD}.Debug|Any CPU.ActiveCfg = Debug|Any CPU
		{40D3D312-ECC7-444C-BB10-99ECF76965AD}.Debug|Any CPU.Build.0 = Debug|Any CPU
		{40D3D312-ECC7-444C-BB10-99ECF76965AD}.Release|Any CPU.ActiveCfg = Release|Any CPU
		{40D3D312-ECC7-444C-BB10-99ECF76965AD}.Release|Any CPU.Build.0 = Release|Any CPU
		{977B0C72-BE1A-4929-B047-512D63738F3E}.Debug|Any CPU.ActiveCfg = Debug|Any CPU
		{977B0C72-BE1A-4929-B047-512D63738F3E}.Debug|Any CPU.Build.0 = Debug|Any CPU
		{977B0C72-BE1A-4929-B047-512D63738F3E}.Release|Any CPU.ActiveCfg = Release|Any CPU
		{977B0C72-BE1A-4929-B047-512D63738F3E}.Release|Any CPU.Build.0 = Release|Any CPU
		{4C91BDD8-EC28-408E-B221-8B395E83208F}.Debug|Any CPU.ActiveCfg = Debug|Any CPU
		{4C91BDD8-EC28-408E-B221-8B395E83208F}.Debug|Any CPU.Build.0 = Debug|Any CPU
		{4C91BDD8-EC28-408E-B221-8B395E83208F}.Release|Any CPU.ActiveCfg = Release|Any CPU
		{4C91BDD8-EC28-408E-B221-8B395E83208F}.Release|Any CPU.Build.0 = Release|Any CPU
		{28D0F68C-70A0-4DAD-82EA-ABBB59370489}.Debug|Any CPU.ActiveCfg = Debug|Any CPU
		{28D0F68C-70A0-4DAD-82EA-ABBB59370489}.Debug|Any CPU.Build.0 = Debug|Any CPU
		{28D0F68C-70A0-4DAD-82EA-ABBB59370489}.Release|Any CPU.ActiveCfg = Release|Any CPU
		{28D0F68C-70A0-4DAD-82EA-ABBB59370489}.Release|Any CPU.Build.0 = Release|Any CPU
	EndGlobalSection
	GlobalSection(SolutionProperties) = preSolution
		HideSolutionNode = FALSE
	EndGlobalSection
	GlobalSection(ExtensibilityGlobals) = postSolution
		SolutionGuid = {D46CED23-281F-4C32-A484-F3A15B791E16}
	EndGlobalSection
EndGlobal
